// !$*UTF8*$!
{
	archiveVersion = 1;
	classes = {
	};
	objectVersion = 55;
	objects = {

/* Begin PBXBuildFile section */
		04097BDD27171657009C06DD /* TaskCell.swift in Sources */ = {isa = PBXBuildFile; fileRef = 04097BDC27171657009C06DD /* TaskCell.swift */; };
		04097BDF271F5CF1009C06DD /* TaskEditController.swift in Sources */ = {isa = PBXBuildFile; fileRef = 04097BDE271F5CF1009C06DD /* TaskEditController.swift */; };
		04097BE12720574E009C06DD /* TaskTypeController.swift in Sources */ = {isa = PBXBuildFile; fileRef = 04097BE02720574E009C06DD /* TaskTypeController.swift */; };
		04097BE42720951A009C06DD /* TaskTypeCell.swift in Sources */ = {isa = PBXBuildFile; fileRef = 04097BE22720951A009C06DD /* TaskTypeCell.swift */; };
		04097BE52720951A009C06DD /* TaskTypeCell.xib in Resources */ = {isa = PBXBuildFile; fileRef = 04097BE32720951A009C06DD /* TaskTypeCell.xib */; };
		043C93492712314400AFE3A1 /* TaskListController.swift in Sources */ = {isa = PBXBuildFile; fileRef = 043C93482712314400AFE3A1 /* TaskListController.swift */; };
		043C934C271236A400AFE3A1 /* Task.swift in Sources */ = {isa = PBXBuildFile; fileRef = 043C934B271236A400AFE3A1 /* Task.swift */; };
		043C934E271239A600AFE3A1 /* TaskStorage.swift in Sources */ = {isa = PBXBuildFile; fileRef = 043C934D271239A600AFE3A1 /* TaskStorage.swift */; };
		049345542711B7230095364C /* AppDelegate.swift in Sources */ = {isa = PBXBuildFile; fileRef = 049345532711B7230095364C /* AppDelegate.swift */; };
		049345562711B7230095364C /* SceneDelegate.swift in Sources */ = {isa = PBXBuildFile; fileRef = 049345552711B7230095364C /* SceneDelegate.swift */; };
		0493455B2711B7230095364C /* Main.storyboard in Resources */ = {isa = PBXBuildFile; fileRef = 049345592711B7230095364C /* Main.storyboard */; };
		0493455D2711B7240095364C /* Assets.xcassets in Resources */ = {isa = PBXBuildFile; fileRef = 0493455C2711B7240095364C /* Assets.xcassets */; };
		049345602711B7240095364C /* LaunchScreen.storyboard in Resources */ = {isa = PBXBuildFile; fileRef = 0493455E2711B7240095364C /* LaunchScreen.storyboard */; };
/* End PBXBuildFile section */

/* Begin PBXFileReference section */
		04097BDC27171657009C06DD /* TaskCell.swift */ = {isa = PBXFileReference; lastKnownFileType = sourcecode.swift; path = TaskCell.swift; sourceTree = "<group>"; };
		04097BDE271F5CF1009C06DD /* TaskEditController.swift */ = {isa = PBXFileReference; lastKnownFileType = sourcecode.swift; path = TaskEditController.swift; sourceTree = "<group>"; };
		04097BE02720574E009C06DD /* TaskTypeController.swift */ = {isa = PBXFileReference; lastKnownFileType = sourcecode.swift; path = TaskTypeController.swift; sourceTree = "<group>"; };
		04097BE22720951A009C06DD /* TaskTypeCell.swift */ = {isa = PBXFileReference; lastKnownFileType = sourcecode.swift; path = TaskTypeCell.swift; sourceTree = "<group>"; };
		04097BE32720951A009C06DD /* TaskTypeCell.xib */ = {isa = PBXFileReference; lastKnownFileType = file.xib; path = TaskTypeCell.xib; sourceTree = "<group>"; };
		043C93482712314400AFE3A1 /* TaskListController.swift */ = {isa = PBXFileReference; lastKnownFileType = sourcecode.swift; path = TaskListController.swift; sourceTree = "<group>"; };
		043C934B271236A400AFE3A1 /* Task.swift */ = {isa = PBXFileReference; lastKnownFileType = sourcecode.swift; path = Task.swift; sourceTree = "<group>"; };
		043C934D271239A600AFE3A1 /* TaskStorage.swift */ = {isa = PBXFileReference; lastKnownFileType = sourcecode.swift; path = TaskStorage.swift; sourceTree = "<group>"; };
		049345502711B7230095364C /* Time targets.app */ = {isa = PBXFileReference; explicitFileType = wrapper.application; includeInIndex = 0; path = "Time targets.app"; sourceTree = BUILT_PRODUCTS_DIR; };
		049345532711B7230095364C /* AppDelegate.swift */ = {isa = PBXFileReference; lastKnownFileType = sourcecode.swift; path = AppDelegate.swift; sourceTree = "<group>"; };
		049345552711B7230095364C /* SceneDelegate.swift */ = {isa = PBXFileReference; lastKnownFileType = sourcecode.swift; path = SceneDelegate.swift; sourceTree = "<group>"; };
		0493455A2711B7230095364C /* Base */ = {isa = PBXFileReference; lastKnownFileType = file.storyboard; name = Base; path = Base.lproj/Main.storyboard; sourceTree = "<group>"; };
		0493455C2711B7240095364C /* Assets.xcassets */ = {isa = PBXFileReference; lastKnownFileType = folder.assetcatalog; path = Assets.xcassets; sourceTree = "<group>"; };
		0493455F2711B7240095364C /* Base */ = {isa = PBXFileReference; lastKnownFileType = file.storyboard; name = Base; path = Base.lproj/LaunchScreen.storyboard; sourceTree = "<group>"; };
		049345612711B7240095364C /* Info.plist */ = {isa = PBXFileReference; lastKnownFileType = text.plist.xml; path = Info.plist; sourceTree = "<group>"; };
/* End PBXFileReference section */

/* Begin PBXFrameworksBuildPhase section */
		0493454D2711B7230095364C /* Frameworks */ = {
			isa = PBXFrameworksBuildPhase;
			buildActionMask = 2147483647;
			files = (
			);
			runOnlyForDeploymentPostprocessing = 0;
		};
/* End PBXFrameworksBuildPhase section */

/* Begin PBXGroup section */
		04097BDA271714F0009C06DD /* View */ = {
			isa = PBXGroup;
			children = (
				04097BDB27171519009C06DD /* Cells */,
			);
			path = View;
			sourceTree = "<group>";
		};
		04097BDB27171519009C06DD /* Cells */ = {
			isa = PBXGroup;
			children = (
				04097BDC27171657009C06DD /* TaskCell.swift */,
				04097BE22720951A009C06DD /* TaskTypeCell.swift */,
				04097BE32720951A009C06DD /* TaskTypeCell.xib */,
			);
			name = Cells;
			sourceTree = "<group>";
		};
		043C934A2712366F00AFE3A1 /* Model */ = {
			isa = PBXGroup;
			children = (
				043C934B271236A400AFE3A1 /* Task.swift */,
				043C934D271239A600AFE3A1 /* TaskStorage.swift */,
			);
			path = Model;
			sourceTree = "<group>";
		};
		049345472711B7230095364C = {
			isa = PBXGroup;
			children = (
				049345522711B7230095364C /* Time targets */,
				049345512711B7230095364C /* Products */,
			);
			sourceTree = "<group>";
		};
		049345512711B7230095364C /* Products */ = {
			isa = PBXGroup;
			children = (
				049345502711B7230095364C /* Time targets.app */,
			);
			name = Products;
			sourceTree = "<group>";
		};
		049345522711B7230095364C /* Time targets */ = {
			isa = PBXGroup;
			children = (
				04097BDA271714F0009C06DD /* View */,
				043C934A2712366F00AFE3A1 /* Model */,
				049345532711B7230095364C /* AppDelegate.swift */,
				049345552711B7230095364C /* SceneDelegate.swift */,
				049345592711B7230095364C /* Main.storyboard */,
				0493455C2711B7240095364C /* Assets.xcassets */,
				0493455E2711B7240095364C /* LaunchScreen.storyboard */,
				049345612711B7240095364C /* Info.plist */,
				043C93482712314400AFE3A1 /* TaskListController.swift */,
				04097BDE271F5CF1009C06DD /* TaskEditController.swift */,
				04097BE02720574E009C06DD /* TaskTypeController.swift */,
			);
			path = "Time targets";
			sourceTree = "<group>";
		};
/* End PBXGroup section */

/* Begin PBXNativeTarget section */
		0493454F2711B7230095364C /* Time targets */ = {
			isa = PBXNativeTarget;
			buildConfigurationList = 049345642711B7240095364C /* Build configuration list for PBXNativeTarget "Time targets" */;
			buildPhases = (
				0493454C2711B7230095364C /* Sources */,
				0493454D2711B7230095364C /* Frameworks */,
				0493454E2711B7230095364C /* Resources */,
			);
			buildRules = (
			);
			dependencies = (
			);
			name = "Time targets";
			productName = "Time targets";
			productReference = 049345502711B7230095364C /* Time targets.app */;
			productType = "com.apple.product-type.application";
		};
/* End PBXNativeTarget section */

/* Begin PBXProject section */
		049345482711B7230095364C /* Project object */ = {
			isa = PBXProject;
			attributes = {
				BuildIndependentTargetsInParallel = 1;
				LastSwiftUpdateCheck = 1300;
				LastUpgradeCheck = 1300;
				TargetAttributes = {
					0493454F2711B7230095364C = {
						CreatedOnToolsVersion = 13.0;
					};
				};
			};
			buildConfigurationList = 0493454B2711B7230095364C /* Build configuration list for PBXProject "Time targets" */;
			compatibilityVersion = "Xcode 13.0";
			developmentRegion = en;
			hasScannedForEncodings = 0;
			knownRegions = (
				en,
				Base,
			);
			mainGroup = 049345472711B7230095364C;
			productRefGroup = 049345512711B7230095364C /* Products */;
			projectDirPath = "";
			projectRoot = "";
			targets = (
				0493454F2711B7230095364C /* Time targets */,
			);
		};
/* End PBXProject section */

/* Begin PBXResourcesBuildPhase section */
		0493454E2711B7230095364C /* Resources */ = {
			isa = PBXResourcesBuildPhase;
			buildActionMask = 2147483647;
			files = (
				049345602711B7240095364C /* LaunchScreen.storyboard in Resources */,
				0493455D2711B7240095364C /* Assets.xcassets in Resources */,
				04097BE52720951A009C06DD /* TaskTypeCell.xib in Resources */,
				0493455B2711B7230095364C /* Main.storyboard in Resources */,
			);
			runOnlyForDeploymentPostprocessing = 0;
		};
/* End PBXResourcesBuildPhase section */

/* Begin PBXSourcesBuildPhase section */
		0493454C2711B7230095364C /* Sources */ = {
			isa = PBXSourcesBuildPhase;
			buildActionMask = 2147483647;
			files = (
				043C934C271236A400AFE3A1 /* Task.swift in Sources */,
				049345542711B7230095364C /* AppDelegate.swift in Sources */,
				049345562711B7230095364C /* SceneDelegate.swift in Sources */,
				043C934E271239A600AFE3A1 /* TaskStorage.swift in Sources */,
				04097BE12720574E009C06DD /* TaskTypeController.swift in Sources */,
				04097BDD27171657009C06DD /* TaskCell.swift in Sources */,
				043C93492712314400AFE3A1 /* TaskListController.swift in Sources */,
				04097BDF271F5CF1009C06DD /* TaskEditController.swift in Sources */,
				04097BE42720951A009C06DD /* TaskTypeCell.swift in Sources */,
			);
			runOnlyForDeploymentPostprocessing = 0;
		};
/* End PBXSourcesBuildPhase section */

/* Begin PBXVariantGroup section */
		049345592711B7230095364C /* Main.storyboard */ = {
			isa = PBXVariantGroup;
			children = (
				0493455A2711B7230095364C /* Base */,
			);
			name = Main.storyboard;
			sourceTree = "<group>";
		};
		0493455E2711B7240095364C /* LaunchScreen.storyboard */ = {
			isa = PBXVariantGroup;
			children = (
				0493455F2711B7240095364C /* Base */,
			);
			name = LaunchScreen.storyboard;
			sourceTree = "<group>";
		};
/* End PBXVariantGroup section */

/* Begin XCBuildConfiguration section */
		049345622711B7240095364C /* Debug */ = {
			isa = XCBuildConfiguration;
			buildSettings = {
				ALWAYS_SEARCH_USER_PATHS = NO;
				CLANG_ANALYZER_NONNULL = YES;
				CLANG_ANALYZER_NUMBER_OBJECT_CONVERSION = YES_AGGRESSIVE;
				CLANG_CXX_LANGUAGE_STANDARD = "gnu++17";
				CLANG_CXX_LIBRARY = "libc++";
				CLANG_ENABLE_MODULES = YES;
				CLANG_ENABLE_OBJC_ARC = YES;
				CLANG_ENABLE_OBJC_WEAK = YES;
				CLANG_WARN_BLOCK_CAPTURE_AUTORELEASING = YES;
				CLANG_WARN_BOOL_CONVERSION = YES;
				CLANG_WARN_COMMA = YES;
				CLANG_WARN_CONSTANT_CONVERSION = YES;
				CLANG_WARN_DEPRECATED_OBJC_IMPLEMENTATIONS = YES;
				CLANG_WARN_DIRECT_OBJC_ISA_USAGE = YES_ERROR;
				CLANG_WARN_DOCUMENTATION_COMMENTS = YES;
				CLANG_WARN_EMPTY_BODY = YES;
				CLANG_WARN_ENUM_CONVERSION = YES;
				CLANG_WARN_INFINITE_RECURSION = YES;
				CLANG_WARN_INT_CONVERSION = YES;
				CLANG_WARN_NON_LITERAL_NULL_CONVERSION = YES;
				CLANG_WARN_OBJC_IMPLICIT_RETAIN_SELF = YES;
				CLANG_WARN_OBJC_LITERAL_CONVERSION = YES;
				CLANG_WARN_OBJC_ROOT_CLASS = YES_ERROR;
				CLANG_WARN_QUOTED_INCLUDE_IN_FRAMEWORK_HEADER = YES;
				CLANG_WARN_RANGE_LOOP_ANALYSIS = YES;
				CLANG_WARN_STRICT_PROTOTYPES = YES;
				CLANG_WARN_SUSPICIOUS_MOVE = YES;
				CLANG_WARN_UNGUARDED_AVAILABILITY = YES_AGGRESSIVE;
				CLANG_WARN_UNREACHABLE_CODE = YES;
				CLANG_WARN__DUPLICATE_METHOD_MATCH = YES;
				COPY_PHASE_STRIP = NO;
				DEBUG_INFORMATION_FORMAT = dwarf;
				ENABLE_STRICT_OBJC_MSGSEND = YES;
				ENABLE_TESTABILITY = YES;
				GCC_C_LANGUAGE_STANDARD = gnu11;
				GCC_DYNAMIC_NO_PIC = NO;
				GCC_NO_COMMON_BLOCKS = YES;
				GCC_OPTIMIZATION_LEVEL = 0;
				GCC_PREPROCESSOR_DEFINITIONS = (
					"DEBUG=1",
					"$(inherited)",
				);
				GCC_WARN_64_TO_32_BIT_CONVERSION = YES;
				GCC_WARN_ABOUT_RETURN_TYPE = YES_ERROR;
				GCC_WARN_UNDECLARED_SELECTOR = YES;
				GCC_WARN_UNINITIALIZED_AUTOS = YES_AGGRESSIVE;
				GCC_WARN_UNUSED_FUNCTION = YES;
				GCC_WARN_UNUSED_VARIABLE = YES;
				IPHONEOS_DEPLOYMENT_TARGET = 15.0;
				MTL_ENABLE_DEBUG_INFO = INCLUDE_SOURCE;
				MTL_FAST_MATH = YES;
				ONLY_ACTIVE_ARCH = YES;
				SDKROOT = iphoneos;
				SWIFT_ACTIVE_COMPILATION_CONDITIONS = DEBUG;
				SWIFT_OPTIMIZATION_LEVEL = "-Onone";
			};
			name = Debug;
		};
		049345632711B7240095364C /* Release */ = {
			isa = XCBuildConfiguration;
			buildSettings = {
				ALWAYS_SEARCH_USER_PATHS = NO;
				CLANG_ANALYZER_NONNULL = YES;
				CLANG_ANALYZER_NUMBER_OBJECT_CONVERSION = YES_AGGRESSIVE;
				CLANG_CXX_LANGUAGE_STANDARD = "gnu++17";
				CLANG_CXX_LIBRARY = "libc++";
				CLANG_ENABLE_MODULES = YES;
				CLANG_ENABLE_OBJC_ARC = YES;
				CLANG_ENABLE_OBJC_WEAK = YES;
				CLANG_WARN_BLOCK_CAPTURE_AUTORELEASING = YES;
				CLANG_WARN_BOOL_CONVERSION = YES;
				CLANG_WARN_COMMA = YES;
				CLANG_WARN_CONSTANT_CONVERSION = YES;
				CLANG_WARN_DEPRECATED_OBJC_IMPLEMENTATIONS = YES;
				CLANG_WARN_DIRECT_OBJC_ISA_USAGE = YES_ERROR;
				CLANG_WARN_DOCUMENTATION_COMMENTS = YES;
				CLANG_WARN_EMPTY_BODY = YES;
				CLANG_WARN_ENUM_CONVERSION = YES;
				CLANG_WARN_INFINITE_RECURSION = YES;
				CLANG_WARN_INT_CONVERSION = YES;
				CLANG_WARN_NON_LITERAL_NULL_CONVERSION = YES;
				CLANG_WARN_OBJC_IMPLICIT_RETAIN_SELF = YES;
				CLANG_WARN_OBJC_LITERAL_CONVERSION = YES;
				CLANG_WARN_OBJC_ROOT_CLASS = YES_ERROR;
				CLANG_WARN_QUOTED_INCLUDE_IN_FRAMEWORK_HEADER = YES;
				CLANG_WARN_RANGE_LOOP_ANALYSIS = YES;
				CLANG_WARN_STRICT_PROTOTYPES = YES;
				CLANG_WARN_SUSPICIOUS_MOVE = YES;
				CLANG_WARN_UNGUARDED_AVAILABILITY = YES_AGGRESSIVE;
				CLANG_WARN_UNREACHABLE_CODE = YES;
				CLANG_WARN__DUPLICATE_METHOD_MATCH = YES;
				COPY_PHASE_STRIP = NO;
				DEBUG_INFORMATION_FORMAT = "dwarf-with-dsym";
				ENABLE_NS_ASSERTIONS = NO;
				ENABLE_STRICT_OBJC_MSGSEND = YES;
				GCC_C_LANGUAGE_STANDARD = gnu11;
				GCC_NO_COMMON_BLOCKS = YES;
				GCC_WARN_64_TO_32_BIT_CONVERSION = YES;
				GCC_WARN_ABOUT_RETURN_TYPE = YES_ERROR;
				GCC_WARN_UNDECLARED_SELECTOR = YES;
				GCC_WARN_UNINITIALIZED_AUTOS = YES_AGGRESSIVE;
				GCC_WARN_UNUSED_FUNCTION = YES;
				GCC_WARN_UNUSED_VARIABLE = YES;
				IPHONEOS_DEPLOYMENT_TARGET = 15.0;
				MTL_ENABLE_DEBUG_INFO = NO;
				MTL_FAST_MATH = YES;
				SDKROOT = iphoneos;
				SWIFT_COMPILATION_MODE = wholemodule;
				SWIFT_OPTIMIZATION_LEVEL = "-O";
				VALIDATE_PRODUCT = YES;
			};
			name = Release;
		};
		049345652711B7240095364C /* Debug */ = {
			isa = XCBuildConfiguration;
			buildSettings = {
				ASSETCATALOG_COMPILER_APPICON_NAME = AppIcon;
				ASSETCATALOG_COMPILER_GLOBAL_ACCENT_COLOR_NAME = AccentColor;
				CODE_SIGN_STYLE = Automatic;
				CURRENT_PROJECT_VERSION = 1;
				DEVELOPMENT_TEAM = 8RR9M64TNW;
				GENERATE_INFOPLIST_FILE = YES;
				INFOPLIST_FILE = "Time targets/Info.plist";
				INFOPLIST_KEY_UIApplicationSupportsIndirectInputEvents = YES;
				INFOPLIST_KEY_UILaunchStoryboardName = LaunchScreen;
				INFOPLIST_KEY_UIMainStoryboardFile = Main;
				INFOPLIST_KEY_UISupportedInterfaceOrientations_iPad = "UIInterfaceOrientationPortrait UIInterfaceOrientationPortraitUpsideDown UIInterfaceOrientationLandscapeLeft UIInterfaceOrientationLandscapeRight";
				INFOPLIST_KEY_UISupportedInterfaceOrientations_iPhone = "UIInterfaceOrientationPortrait UIInterfaceOrientationLandscapeLeft UIInterfaceOrientationLandscapeRight";
				LD_RUNPATH_SEARCH_PATHS = (
					"$(inherited)",
					"@executable_path/Frameworks",
				);
				MARKETING_VERSION = 1.0;
				PRODUCT_BUNDLE_IDENTIFIER = "semjon.g.Time-targets";
				PRODUCT_NAME = "$(TARGET_NAME)";
				SWIFT_EMIT_LOC_STRINGS = YES;
				SWIFT_VERSION = 5.0;
				TARGETED_DEVICE_FAMILY = "1,2";
			};
			name = Debug;
		};
		049345662711B7240095364C /* Release */ = {
			isa = XCBuildConfiguration;
			buildSettings = {
				ASSETCATALOG_COMPILER_APPICON_NAME = AppIcon;
				ASSETCATALOG_COMPILER_GLOBAL_ACCENT_COLOR_NAME = AccentColor;
				CODE_SIGN_STYLE = Automatic;
				CURRENT_PROJECT_VERSION = 1;
				DEVELOPMENT_TEAM = 8RR9M64TNW;
				GENERATE_INFOPLIST_FILE = YES;
				INFOPLIST_FILE = "Time targets/Info.plist";
				INFOPLIST_KEY_UIApplicationSupportsIndirectInputEvents = YES;
				INFOPLIST_KEY_UILaunchStoryboardName = LaunchScreen;
				INFOPLIST_KEY_UIMainStoryboardFile = Main;
				INFOPLIST_KEY_UISupportedInterfaceOrientations_iPad = "UIInterfaceOrientationPortrait UIInterfaceOrientationPortraitUpsideDown UIInterfaceOrientationLandscapeLeft UIInterfaceOrientationLandscapeRight";
				INFOPLIST_KEY_UISupportedInterfaceOrientations_iPhone = "UIInterfaceOrientationPortrait UIInterfaceOrientationLandscapeLeft UIInterfaceOrientationLandscapeRight";
				LD_RUNPATH_SEARCH_PATHS = (
					"$(inherited)",
					"@executable_path/Frameworks",
				);
				MARKETING_VERSION = 1.0;
				PRODUCT_BUNDLE_IDENTIFIER = "semjon.g.Time-targets";
				PRODUCT_NAME = "$(TARGET_NAME)";
				SWIFT_EMIT_LOC_STRINGS = YES;
				SWIFT_VERSION = 5.0;
				TARGETED_DEVICE_FAMILY = "1,2";
			};
			name = Release;
		};
/* End XCBuildConfiguration section */

/* Begin XCConfigurationList section */
		0493454B2711B7230095364C /* Build configuration list for PBXProject "Time targets" */ = {
			isa = XCConfigurationList;
			buildConfigurations = (
				049345622711B7240095364C /* Debug */,
				049345632711B7240095364C /* Release */,
			);
			defaultConfigurationIsVisible = 0;
			defaultConfigurationName = Release;
		};
		049345642711B7240095364C /* Build configuration list for PBXNativeTarget "Time targets" */ = {
			isa = XCConfigurationList;
			buildConfigurations = (
				049345652711B7240095364C /* Debug */,
				049345662711B7240095364C /* Release */,
			);
			defaultConfigurationIsVisible = 0;
			defaultConfigurationName = Release;
		};
/* End XCConfigurationList section */
	};
	rootObject = 049345482711B7230095364C /* Project object */;
}
